// !$*UTF8*$!
{
	archiveVersion = 1;
	classes = {
	};
	objectVersion = 50;
	objects = {

/* Begin PBXBuildFile section */
		B2E22C7223FA83BC00C691E5 /* AppDelegate.swift in Sources */ = {isa = PBXBuildFile; fileRef = B2E22C7123FA83BC00C691E5 /* AppDelegate.swift */; };
		B2E22C7623FA83BD00C691E5 /* Assets.xcassets in Resources */ = {isa = PBXBuildFile; fileRef = B2E22C7523FA83BD00C691E5 /* Assets.xcassets */; };
		B2E22C7923FA83BD00C691E5 /* Preview Assets.xcassets in Resources */ = {isa = PBXBuildFile; fileRef = B2E22C7823FA83BD00C691E5 /* Preview Assets.xcassets */; };
		B2E22C7C23FA83BD00C691E5 /* Main.storyboard in Resources */ = {isa = PBXBuildFile; fileRef = B2E22C7A23FA83BD00C691E5 /* Main.storyboard */; };
		B2E22C8823FA83BD00C691E5 /* Night_ShiftTests.swift in Sources */ = {isa = PBXBuildFile; fileRef = B2E22C8723FA83BD00C691E5 /* Night_ShiftTests.swift */; };
		B2E22C9323FA83BD00C691E5 /* Night_ShiftUITests.swift in Sources */ = {isa = PBXBuildFile; fileRef = B2E22C9223FA83BD00C691E5 /* Night_ShiftUITests.swift */; };
		B2E71AC223FC7B6800CB4C21 /* DimmerSliderView.swift in Sources */ = {isa = PBXBuildFile; fileRef = B2E71AC123FC7B6800CB4C21 /* DimmerSliderView.swift */; };
		B2E71AC423FC7B9D00CB4C21 /* NightShiftSliderView.swift in Sources */ = {isa = PBXBuildFile; fileRef = B2E71AC323FC7B9D00CB4C21 /* NightShiftSliderView.swift */; };
		B2E71AC623FC7BDD00CB4C21 /* Status.swift in Sources */ = {isa = PBXBuildFile; fileRef = B2E71AC523FC7BDD00CB4C21 /* Status.swift */; };
/* End PBXBuildFile section */

/* Begin PBXContainerItemProxy section */
		B2E22C8423FA83BD00C691E5 /* PBXContainerItemProxy */ = {
			isa = PBXContainerItemProxy;
			containerPortal = B2E22C6623FA83BC00C691E5 /* Project object */;
			proxyType = 1;
			remoteGlobalIDString = B2E22C6D23FA83BC00C691E5;
			remoteInfo = "Night-Shift";
		};
		B2E22C8F23FA83BD00C691E5 /* PBXContainerItemProxy */ = {
			isa = PBXContainerItemProxy;
			containerPortal = B2E22C6623FA83BC00C691E5 /* Project object */;
			proxyType = 1;
			remoteGlobalIDString = B2E22C6D23FA83BC00C691E5;
			remoteInfo = "Night-Shift";
		};
/* End PBXContainerItemProxy section */

/* Begin PBXFileReference section */
		B2E22C6E23FA83BC00C691E5 /* Night-Shift.app */ = {isa = PBXFileReference; explicitFileType = wrapper.application; includeInIndex = 0; path = "Night-Shift.app"; sourceTree = BUILT_PRODUCTS_DIR; };
		B2E22C7123FA83BC00C691E5 /* AppDelegate.swift */ = {isa = PBXFileReference; lastKnownFileType = sourcecode.swift; path = AppDelegate.swift; sourceTree = "<group>"; };
		B2E22C7523FA83BD00C691E5 /* Assets.xcassets */ = {isa = PBXFileReference; lastKnownFileType = folder.assetcatalog; path = Assets.xcassets; sourceTree = "<group>"; };
		B2E22C7823FA83BD00C691E5 /* Preview Assets.xcassets */ = {isa = PBXFileReference; lastKnownFileType = folder.assetcatalog; path = "Preview Assets.xcassets"; sourceTree = "<group>"; };
		B2E22C7B23FA83BD00C691E5 /* Base */ = {isa = PBXFileReference; lastKnownFileType = file.storyboard; name = Base; path = Base.lproj/Main.storyboard; sourceTree = "<group>"; };
		B2E22C7D23FA83BD00C691E5 /* Info.plist */ = {isa = PBXFileReference; lastKnownFileType = text.plist.xml; path = Info.plist; sourceTree = "<group>"; };
		B2E22C7E23FA83BD00C691E5 /* Night_Shift.entitlements */ = {isa = PBXFileReference; lastKnownFileType = text.plist.entitlements; path = Night_Shift.entitlements; sourceTree = "<group>"; };
		B2E22C8323FA83BD00C691E5 /* Night-ShiftTests.xctest */ = {isa = PBXFileReference; explicitFileType = wrapper.cfbundle; includeInIndex = 0; path = "Night-ShiftTests.xctest"; sourceTree = BUILT_PRODUCTS_DIR; };
		B2E22C8723FA83BD00C691E5 /* Night_ShiftTests.swift */ = {isa = PBXFileReference; lastKnownFileType = sourcecode.swift; path = Night_ShiftTests.swift; sourceTree = "<group>"; };
		B2E22C8923FA83BD00C691E5 /* Info.plist */ = {isa = PBXFileReference; lastKnownFileType = text.plist.xml; path = Info.plist; sourceTree = "<group>"; };
		B2E22C8E23FA83BD00C691E5 /* Night-ShiftUITests.xctest */ = {isa = PBXFileReference; explicitFileType = wrapper.cfbundle; includeInIndex = 0; path = "Night-ShiftUITests.xctest"; sourceTree = BUILT_PRODUCTS_DIR; };
		B2E22C9223FA83BD00C691E5 /* Night_ShiftUITests.swift */ = {isa = PBXFileReference; lastKnownFileType = sourcecode.swift; path = Night_ShiftUITests.swift; sourceTree = "<group>"; };
		B2E22C9423FA83BD00C691E5 /* Info.plist */ = {isa = PBXFileReference; lastKnownFileType = text.plist.xml; path = Info.plist; sourceTree = "<group>"; };
		B2E71AC123FC7B6800CB4C21 /* DimmerSliderView.swift */ = {isa = PBXFileReference; lastKnownFileType = sourcecode.swift; path = DimmerSliderView.swift; sourceTree = "<group>"; };
		B2E71AC323FC7B9D00CB4C21 /* NightShiftSliderView.swift */ = {isa = PBXFileReference; lastKnownFileType = sourcecode.swift; path = NightShiftSliderView.swift; sourceTree = "<group>"; };
		B2E71AC523FC7BDD00CB4C21 /* Status.swift */ = {isa = PBXFileReference; lastKnownFileType = sourcecode.swift; path = Status.swift; sourceTree = "<group>"; };
/* End PBXFileReference section */

/* Begin PBXFrameworksBuildPhase section */
		B2E22C6B23FA83BC00C691E5 /* Frameworks */ = {
			isa = PBXFrameworksBuildPhase;
			buildActionMask = 2147483647;
			files = (
			);
			runOnlyForDeploymentPostprocessing = 0;
		};
		B2E22C8023FA83BD00C691E5 /* Frameworks */ = {
			isa = PBXFrameworksBuildPhase;
			buildActionMask = 2147483647;
			files = (
			);
			runOnlyForDeploymentPostprocessing = 0;
		};
		B2E22C8B23FA83BD00C691E5 /* Frameworks */ = {
			isa = PBXFrameworksBuildPhase;
			buildActionMask = 2147483647;
			files = (
			);
			runOnlyForDeploymentPostprocessing = 0;
		};
/* End PBXFrameworksBuildPhase section */

/* Begin PBXGroup section */
		B20B6F9D23FB100400C6DF2D /* Headers */ = {
			isa = PBXGroup;
			children = (
			);
			path = Headers;
			sourceTree = "<group>";
		};
		B20B6F9E23FB101200C6DF2D /* Applicaton */ = {
			isa = PBXGroup;
			children = (
				B2E71AC723FC7CA600CB4C21 /* Dimming */,
				B2E71AB823FC799F00CB4C21 /* Menu */,
				B20B6FA023FB105B00C6DF2D /* Main */,
			);
			path = Applicaton;
			sourceTree = "<group>";
		};
		B20B6F9F23FB102B00C6DF2D /* Functions */ = {
			isa = PBXGroup;
			children = (
			);
			path = Functions;
			sourceTree = "<group>";
		};
		B20B6FA023FB105B00C6DF2D /* Main */ = {
			isa = PBXGroup;
			children = (
				B2E22C7123FA83BC00C691E5 /* AppDelegate.swift */,
				B2E22C7A23FA83BD00C691E5 /* Main.storyboard */,
			);
			path = Main;
			sourceTree = "<group>";
		};
		B2E22C6523FA83BC00C691E5 = {
			isa = PBXGroup;
			children = (
				B2E22C7023FA83BC00C691E5 /* Night-Shift */,
				B2E22C8623FA83BD00C691E5 /* Night-ShiftTests */,
				B2E22C9123FA83BD00C691E5 /* Night-ShiftUITests */,
				B2E22C6F23FA83BC00C691E5 /* Products */,
			);
			sourceTree = "<group>";
		};
		B2E22C6F23FA83BC00C691E5 /* Products */ = {
			isa = PBXGroup;
			children = (
				B2E22C6E23FA83BC00C691E5 /* Night-Shift.app */,
				B2E22C8323FA83BD00C691E5 /* Night-ShiftTests.xctest */,
				B2E22C8E23FA83BD00C691E5 /* Night-ShiftUITests.xctest */,
			);
			name = Products;
			sourceTree = "<group>";
		};
		B2E22C7023FA83BC00C691E5 /* Night-Shift */ = {
			isa = PBXGroup;
			children = (
				B20B6F9F23FB102B00C6DF2D /* Functions */,
				B20B6F9E23FB101200C6DF2D /* Applicaton */,
				B20B6F9D23FB100400C6DF2D /* Headers */,
				B2E22C7523FA83BD00C691E5 /* Assets.xcassets */,
				B2E22C7D23FA83BD00C691E5 /* Info.plist */,
				B2E22C7E23FA83BD00C691E5 /* Night_Shift.entitlements */,
				B2E22C7723FA83BD00C691E5 /* Preview Content */,
			);
			path = "Night-Shift";
			sourceTree = "<group>";
		};
		B2E22C7723FA83BD00C691E5 /* Preview Content */ = {
			isa = PBXGroup;
			children = (
				B2E22C7823FA83BD00C691E5 /* Preview Assets.xcassets */,
			);
			path = "Preview Content";
			sourceTree = "<group>";
		};
		B2E22C8623FA83BD00C691E5 /* Night-ShiftTests */ = {
			isa = PBXGroup;
			children = (
				B2E22C8723FA83BD00C691E5 /* Night_ShiftTests.swift */,
				B2E22C8923FA83BD00C691E5 /* Info.plist */,
			);
			path = "Night-ShiftTests";
			sourceTree = "<group>";
		};
		B2E22C9123FA83BD00C691E5 /* Night-ShiftUITests */ = {
			isa = PBXGroup;
			children = (
				B2E22C9223FA83BD00C691E5 /* Night_ShiftUITests.swift */,
				B2E22C9423FA83BD00C691E5 /* Info.plist */,
			);
			path = "Night-ShiftUITests";
			sourceTree = "<group>";
		};
		B2E71AB823FC799F00CB4C21 /* Menu */ = {
			isa = PBXGroup;
			children = (
				B2E71AC123FC7B6800CB4C21 /* DimmerSliderView.swift */,
				B2E71AC323FC7B9D00CB4C21 /* NightShiftSliderView.swift */,
				B2E71AC523FC7BDD00CB4C21 /* Status.swift */,
			);
			path = Menu;
			sourceTree = "<group>";
		};
		B2E71AC723FC7CA600CB4C21 /* Dimming */ = {
			isa = PBXGroup;
			children = (
			);
			path = Dimming;
			sourceTree = "<group>";
		};
/* End PBXGroup section */

/* Begin PBXNativeTarget section */
		B2E22C6D23FA83BC00C691E5 /* Night-Shift */ = {
			isa = PBXNativeTarget;
			buildConfigurationList = B2E22C9723FA83BD00C691E5 /* Build configuration list for PBXNativeTarget "Night-Shift" */;
			buildPhases = (
				B2E22C6A23FA83BC00C691E5 /* Sources */,
				B2E22C6B23FA83BC00C691E5 /* Frameworks */,
				B2E22C6C23FA83BC00C691E5 /* Resources */,
			);
			buildRules = (
			);
			dependencies = (
			);
			name = "Night-Shift";
			productName = "Night-Shift";
			productReference = B2E22C6E23FA83BC00C691E5 /* Night-Shift.app */;
			productType = "com.apple.product-type.application";
		};
		B2E22C8223FA83BD00C691E5 /* Night-ShiftTests */ = {
			isa = PBXNativeTarget;
			buildConfigurationList = B2E22C9A23FA83BD00C691E5 /* Build configuration list for PBXNativeTarget "Night-ShiftTests" */;
			buildPhases = (
				B2E22C7F23FA83BD00C691E5 /* Sources */,
				B2E22C8023FA83BD00C691E5 /* Frameworks */,
				B2E22C8123FA83BD00C691E5 /* Resources */,
			);
			buildRules = (
			);
			dependencies = (
				B2E22C8523FA83BD00C691E5 /* PBXTargetDependency */,
			);
			name = "Night-ShiftTests";
			productName = "Night-ShiftTests";
			productReference = B2E22C8323FA83BD00C691E5 /* Night-ShiftTests.xctest */;
			productType = "com.apple.product-type.bundle.unit-test";
		};
		B2E22C8D23FA83BD00C691E5 /* Night-ShiftUITests */ = {
			isa = PBXNativeTarget;
			buildConfigurationList = B2E22C9D23FA83BD00C691E5 /* Build configuration list for PBXNativeTarget "Night-ShiftUITests" */;
			buildPhases = (
				B2E22C8A23FA83BD00C691E5 /* Sources */,
				B2E22C8B23FA83BD00C691E5 /* Frameworks */,
				B2E22C8C23FA83BD00C691E5 /* Resources */,
			);
			buildRules = (
			);
			dependencies = (
				B2E22C9023FA83BD00C691E5 /* PBXTargetDependency */,
			);
			name = "Night-ShiftUITests";
			productName = "Night-ShiftUITests";
			productReference = B2E22C8E23FA83BD00C691E5 /* Night-ShiftUITests.xctest */;
			productType = "com.apple.product-type.bundle.ui-testing";
		};
/* End PBXNativeTarget section */

/* Begin PBXProject section */
		B2E22C6623FA83BC00C691E5 /* Project object */ = {
			isa = PBXProject;
			attributes = {
				LastSwiftUpdateCheck = 1110;
				LastUpgradeCheck = 1110;
				ORGANIZATIONNAME = Ankith;
				TargetAttributes = {
					B2E22C6D23FA83BC00C691E5 = {
						CreatedOnToolsVersion = 11.1;
					};
					B2E22C8223FA83BD00C691E5 = {
						CreatedOnToolsVersion = 11.1;
						TestTargetID = B2E22C6D23FA83BC00C691E5;
					};
					B2E22C8D23FA83BD00C691E5 = {
						CreatedOnToolsVersion = 11.1;
						TestTargetID = B2E22C6D23FA83BC00C691E5;
					};
				};
			};
			buildConfigurationList = B2E22C6923FA83BC00C691E5 /* Build configuration list for PBXProject "Night-Shift" */;
			compatibilityVersion = "Xcode 9.3";
			developmentRegion = en;
			hasScannedForEncodings = 0;
			knownRegions = (
				en,
				Base,
			);
			mainGroup = B2E22C6523FA83BC00C691E5;
			productRefGroup = B2E22C6F23FA83BC00C691E5 /* Products */;
			projectDirPath = "";
			projectRoot = "";
			targets = (
				B2E22C6D23FA83BC00C691E5 /* Night-Shift */,
				B2E22C8223FA83BD00C691E5 /* Night-ShiftTests */,
				B2E22C8D23FA83BD00C691E5 /* Night-ShiftUITests */,
			);
		};
/* End PBXProject section */

/* Begin PBXResourcesBuildPhase section */
		B2E22C6C23FA83BC00C691E5 /* Resources */ = {
			isa = PBXResourcesBuildPhase;
			buildActionMask = 2147483647;
			files = (
				B2E22C7C23FA83BD00C691E5 /* Main.storyboard in Resources */,
				B2E22C7923FA83BD00C691E5 /* Preview Assets.xcassets in Resources */,
				B2E22C7623FA83BD00C691E5 /* Assets.xcassets in Resources */,
			);
			runOnlyForDeploymentPostprocessing = 0;
		};
		B2E22C8123FA83BD00C691E5 /* Resources */ = {
			isa = PBXResourcesBuildPhase;
			buildActionMask = 2147483647;
			files = (
			);
			runOnlyForDeploymentPostprocessing = 0;
		};
		B2E22C8C23FA83BD00C691E5 /* Resources */ = {
			isa = PBXResourcesBuildPhase;
			buildActionMask = 2147483647;
			files = (
			);
			runOnlyForDeploymentPostprocessing = 0;
		};
/* End PBXResourcesBuildPhase section */

/* Begin PBXSourcesBuildPhase section */
		B2E22C6A23FA83BC00C691E5 /* Sources */ = {
			isa = PBXSourcesBuildPhase;
			buildActionMask = 2147483647;
			files = (
				B2E71AC423FC7B9D00CB4C21 /* NightShiftSliderView.swift in Sources */,
				B2E22C7223FA83BC00C691E5 /* AppDelegate.swift in Sources */,
				B2E71AC223FC7B6800CB4C21 /* DimmerSliderView.swift in Sources */,
				B2E71AC623FC7BDD00CB4C21 /* Status.swift in Sources */,
			);
			runOnlyForDeploymentPostprocessing = 0;
		};
		B2E22C7F23FA83BD00C691E5 /* Sources */ = {
			isa = PBXSourcesBuildPhase;
			buildActionMask = 2147483647;
			files = (
				B2E22C8823FA83BD00C691E5 /* Night_ShiftTests.swift in Sources */,
			);
			runOnlyForDeploymentPostprocessing = 0;
		};
		B2E22C8A23FA83BD00C691E5 /* Sources */ = {
			isa = PBXSourcesBuildPhase;
			buildActionMask = 2147483647;
			files = (
				B2E22C9323FA83BD00C691E5 /* Night_ShiftUITests.swift in Sources */,
			);
			runOnlyForDeploymentPostprocessing = 0;
		};
/* End PBXSourcesBuildPhase section */

/* Begin PBXTargetDependency section */
		B2E22C8523FA83BD00C691E5 /* PBXTargetDependency */ = {
			isa = PBXTargetDependency;
			target = B2E22C6D23FA83BC00C691E5 /* Night-Shift */;
			targetProxy = B2E22C8423FA83BD00C691E5 /* PBXContainerItemProxy */;
		};
		B2E22C9023FA83BD00C691E5 /* PBXTargetDependency */ = {
			isa = PBXTargetDependency;
			target = B2E22C6D23FA83BC00C691E5 /* Night-Shift */;
			targetProxy = B2E22C8F23FA83BD00C691E5 /* PBXContainerItemProxy */;
		};
/* End PBXTargetDependency section */

/* Begin PBXVariantGroup section */
		B2E22C7A23FA83BD00C691E5 /* Main.storyboard */ = {
			isa = PBXVariantGroup;
			children = (
				B2E22C7B23FA83BD00C691E5 /* Base */,
			);
			name = Main.storyboard;
			sourceTree = "<group>";
		};
/* End PBXVariantGroup section */

/* Begin XCBuildConfiguration section */
		B2E22C9523FA83BD00C691E5 /* Debug */ = {
			isa = XCBuildConfiguration;
			buildSettings = {
				ALWAYS_SEARCH_USER_PATHS = NO;
				CLANG_ANALYZER_NONNULL = YES;
				CLANG_ANALYZER_NUMBER_OBJECT_CONVERSION = YES_AGGRESSIVE;
				CLANG_CXX_LANGUAGE_STANDARD = "gnu++14";
				CLANG_CXX_LIBRARY = "libc++";
				CLANG_ENABLE_MODULES = YES;
				CLANG_ENABLE_OBJC_ARC = YES;
				CLANG_ENABLE_OBJC_WEAK = YES;
				CLANG_WARN_BLOCK_CAPTURE_AUTORELEASING = YES;
				CLANG_WARN_BOOL_CONVERSION = YES;
				CLANG_WARN_COMMA = YES;
				CLANG_WARN_CONSTANT_CONVERSION = YES;
				CLANG_WARN_DEPRECATED_OBJC_IMPLEMENTATIONS = YES;
				CLANG_WARN_DIRECT_OBJC_ISA_USAGE = YES_ERROR;
				CLANG_WARN_DOCUMENTATION_COMMENTS = YES;
				CLANG_WARN_EMPTY_BODY = YES;
				CLANG_WARN_ENUM_CONVERSION = YES;
				CLANG_WARN_INFINITE_RECURSION = YES;
				CLANG_WARN_INT_CONVERSION = YES;
				CLANG_WARN_NON_LITERAL_NULL_CONVERSION = YES;
				CLANG_WARN_OBJC_IMPLICIT_RETAIN_SELF = YES;
				CLANG_WARN_OBJC_LITERAL_CONVERSION = YES;
				CLANG_WARN_OBJC_ROOT_CLASS = YES_ERROR;
				CLANG_WARN_RANGE_LOOP_ANALYSIS = YES;
				CLANG_WARN_STRICT_PROTOTYPES = YES;
				CLANG_WARN_SUSPICIOUS_MOVE = YES;
				CLANG_WARN_UNGUARDED_AVAILABILITY = YES_AGGRESSIVE;
				CLANG_WARN_UNREACHABLE_CODE = YES;
				CLANG_WARN__DUPLICATE_METHOD_MATCH = YES;
				COPY_PHASE_STRIP = NO;
				DEBUG_INFORMATION_FORMAT = dwarf;
				ENABLE_STRICT_OBJC_MSGSEND = YES;
				ENABLE_TESTABILITY = YES;
				GCC_C_LANGUAGE_STANDARD = gnu11;
				GCC_DYNAMIC_NO_PIC = NO;
				GCC_NO_COMMON_BLOCKS = YES;
				GCC_OPTIMIZATION_LEVEL = 0;
				GCC_PREPROCESSOR_DEFINITIONS = (
					"DEBUG=1",
					"$(inherited)",
				);
				GCC_WARN_64_TO_32_BIT_CONVERSION = YES;
				GCC_WARN_ABOUT_RETURN_TYPE = YES_ERROR;
				GCC_WARN_UNDECLARED_SELECTOR = YES;
				GCC_WARN_UNINITIALIZED_AUTOS = YES_AGGRESSIVE;
				GCC_WARN_UNUSED_FUNCTION = YES;
				GCC_WARN_UNUSED_VARIABLE = YES;
				MACOSX_DEPLOYMENT_TARGET = 10.15;
				MTL_ENABLE_DEBUG_INFO = INCLUDE_SOURCE;
				MTL_FAST_MATH = YES;
				ONLY_ACTIVE_ARCH = YES;
				SDKROOT = macosx;
				SWIFT_ACTIVE_COMPILATION_CONDITIONS = DEBUG;
				SWIFT_OPTIMIZATION_LEVEL = "-Onone";
			};
			name = Debug;
		};
		B2E22C9623FA83BD00C691E5 /* Release */ = {
			isa = XCBuildConfiguration;
			buildSettings = {
				ALWAYS_SEARCH_USER_PATHS = NO;
				CLANG_ANALYZER_NONNULL = YES;
				CLANG_ANALYZER_NUMBER_OBJECT_CONVERSION = YES_AGGRESSIVE;
				CLANG_CXX_LANGUAGE_STANDARD = "gnu++14";
				CLANG_CXX_LIBRARY = "libc++";
				CLANG_ENABLE_MODULES = YES;
				CLANG_ENABLE_OBJC_ARC = YES;
				CLANG_ENABLE_OBJC_WEAK = YES;
				CLANG_WARN_BLOCK_CAPTURE_AUTORELEASING = YES;
				CLANG_WARN_BOOL_CONVERSION = YES;
				CLANG_WARN_COMMA = YES;
				CLANG_WARN_CONSTANT_CONVERSION = YES;
				CLANG_WARN_DEPRECATED_OBJC_IMPLEMENTATIONS = YES;
				CLANG_WARN_DIRECT_OBJC_ISA_USAGE = YES_ERROR;
				CLANG_WARN_DOCUMENTATION_COMMENTS = YES;
				CLANG_WARN_EMPTY_BODY = YES;
				CLANG_WARN_ENUM_CONVERSION = YES;
				CLANG_WARN_INFINITE_RECURSION = YES;
				CLANG_WARN_INT_CONVERSION = YES;
				CLANG_WARN_NON_LITERAL_NULL_CONVERSION = YES;
				CLANG_WARN_OBJC_IMPLICIT_RETAIN_SELF = YES;
				CLANG_WARN_OBJC_LITERAL_CONVERSION = YES;
				CLANG_WARN_OBJC_ROOT_CLASS = YES_ERROR;
				CLANG_WARN_RANGE_LOOP_ANALYSIS = YES;
				CLANG_WARN_STRICT_PROTOTYPES = YES;
				CLANG_WARN_SUSPICIOUS_MOVE = YES;
				CLANG_WARN_UNGUARDED_AVAILABILITY = YES_AGGRESSIVE;
				CLANG_WARN_UNREACHABLE_CODE = YES;
				CLANG_WARN__DUPLICATE_METHOD_MATCH = YES;
				COPY_PHASE_STRIP = NO;
				DEBUG_INFORMATION_FORMAT = "dwarf-with-dsym";
				ENABLE_NS_ASSERTIONS = NO;
				ENABLE_STRICT_OBJC_MSGSEND = YES;
				GCC_C_LANGUAGE_STANDARD = gnu11;
				GCC_NO_COMMON_BLOCKS = YES;
				GCC_WARN_64_TO_32_BIT_CONVERSION = YES;
				GCC_WARN_ABOUT_RETURN_TYPE = YES_ERROR;
				GCC_WARN_UNDECLARED_SELECTOR = YES;
				GCC_WARN_UNINITIALIZED_AUTOS = YES_AGGRESSIVE;
				GCC_WARN_UNUSED_FUNCTION = YES;
				GCC_WARN_UNUSED_VARIABLE = YES;
				MACOSX_DEPLOYMENT_TARGET = 10.15;
				MTL_ENABLE_DEBUG_INFO = NO;
				MTL_FAST_MATH = YES;
				SDKROOT = macosx;
				SWIFT_COMPILATION_MODE = wholemodule;
				SWIFT_OPTIMIZATION_LEVEL = "-O";
			};
			name = Release;
		};
		B2E22C9823FA83BD00C691E5 /* Debug */ = {
			isa = XCBuildConfiguration;
			buildSettings = {
				ASSETCATALOG_COMPILER_APPICON_NAME = AppIcon;
				CODE_SIGN_ENTITLEMENTS = "Night-Shift/Night_Shift.entitlements";
				CODE_SIGN_STYLE = Automatic;
				COMBINE_HIDPI_IMAGES = YES;
				DEVELOPMENT_ASSET_PATHS = "\"Night-Shift/Preview Content\"";
				DEVELOPMENT_TEAM = 3U3SNC9LRZ;
				ENABLE_HARDENED_RUNTIME = YES;
				ENABLE_PREVIEWS = YES;
				INFOPLIST_FILE = "Night-Shift/Info.plist";
				LD_RUNPATH_SEARCH_PATHS = (
					"$(inherited)",
					"@executable_path/../Frameworks",
				);
				MACOSX_DEPLOYMENT_TARGET = 10.15;
				PRODUCT_BUNDLE_IDENTIFIER = "monkeyank.Night-Shift";
				PRODUCT_NAME = "$(TARGET_NAME)";
				SWIFT_VERSION = 5.0;
			};
			name = Debug;
		};
		B2E22C9923FA83BD00C691E5 /* Release */ = {
			isa = XCBuildConfiguration;
			buildSettings = {
				ASSETCATALOG_COMPILER_APPICON_NAME = AppIcon;
				CODE_SIGN_ENTITLEMENTS = "Night-Shift/Night_Shift.entitlements";
				CODE_SIGN_STYLE = Automatic;
				COMBINE_HIDPI_IMAGES = YES;
				DEVELOPMENT_ASSET_PATHS = "\"Night-Shift/Preview Content\"";
				DEVELOPMENT_TEAM = 3U3SNC9LRZ;
				ENABLE_HARDENED_RUNTIME = YES;
				ENABLE_PREVIEWS = YES;
				INFOPLIST_FILE = "Night-Shift/Info.plist";
				LD_RUNPATH_SEARCH_PATHS = (
					"$(inherited)",
					"@executable_path/../Frameworks",
				);
				MACOSX_DEPLOYMENT_TARGET = 10.15;
				PRODUCT_BUNDLE_IDENTIFIER = "monkeyank.Night-Shift";
				PRODUCT_NAME = "$(TARGET_NAME)";
				SWIFT_VERSION = 5.0;
			};
			name = Release;
		};
		B2E22C9B23FA83BD00C691E5 /* Debug */ = {
			isa = XCBuildConfiguration;
			buildSettings = {
				ALWAYS_EMBED_SWIFT_STANDARD_LIBRARIES = YES;
				BUNDLE_LOADER = "$(TEST_HOST)";
				CODE_SIGN_STYLE = Automatic;
				COMBINE_HIDPI_IMAGES = YES;
				DEVELOPMENT_TEAM = 3U3SNC9LRZ;
				INFOPLIST_FILE = "Night-ShiftTests/Info.plist";
				LD_RUNPATH_SEARCH_PATHS = (
					"$(inherited)",
					"@executable_path/../Frameworks",
					"@loader_path/../Frameworks",
				);
				MACOSX_DEPLOYMENT_TARGET = 10.15;
				PRODUCT_BUNDLE_IDENTIFIER = "monkeyank.Night-ShiftTests";
				PRODUCT_NAME = "$(TARGET_NAME)";
				SWIFT_VERSION = 5.0;
				TEST_HOST = "$(BUILT_PRODUCTS_DIR)/Night-Shift.app/Contents/MacOS/Night-Shift";
			};
			name = Debug;
		};
		B2E22C9C23FA83BD00C691E5 /* Release */ = {
			isa = XCBuildConfiguration;
			buildSettings = {
				ALWAYS_EMBED_SWIFT_STANDARD_LIBRARIES = YES;
				BUNDLE_LOADER = "$(TEST_HOST)";
				CODE_SIGN_STYLE = Automatic;
				COMBINE_HIDPI_IMAGES = YES;
				DEVELOPMENT_TEAM = 3U3SNC9LRZ;
				INFOPLIST_FILE = "Night-ShiftTests/Info.plist";
				LD_RUNPATH_SEARCH_PATHS = (
					"$(inherited)",
					"@executable_path/../Frameworks",
					"@loader_path/../Frameworks",
				);
				MACOSX_DEPLOYMENT_TARGET = 10.15;
				PRODUCT_BUNDLE_IDENTIFIER = "monkeyank.Night-ShiftTests";
				PRODUCT_NAME = "$(TARGET_NAME)";
				SWIFT_VERSION = 5.0;
				TEST_HOST = "$(BUILT_PRODUCTS_DIR)/Night-Shift.app/Contents/MacOS/Night-Shift";
			};
			name = Release;
		};
		B2E22C9E23FA83BD00C691E5 /* Debug */ = {
			isa = XCBuildConfiguration;
			buildSettings = {
				ALWAYS_EMBED_SWIFT_STANDARD_LIBRARIES = YES;
				CODE_SIGN_STYLE = Automatic;
				COMBINE_HIDPI_IMAGES = YES;
				DEVELOPMENT_TEAM = 3U3SNC9LRZ;
				INFOPLIST_FILE = "Night-ShiftUITests/Info.plist";
				LD_RUNPATH_SEARCH_PATHS = (
					"$(inherited)",
					"@executable_path/../Frameworks",
					"@loader_path/../Frameworks",
				);
				PRODUCT_BUNDLE_IDENTIFIER = "monkeyank.Night-ShiftUITests";
				PRODUCT_NAME = "$(TARGET_NAME)";
				SWIFT_VERSION = 5.0;
				TEST_TARGET_NAME = "Night-Shift";
			};
			name = Debug;
		};
		B2E22C9F23FA83BD00C691E5 /* Release */ = {
			isa = XCBuildConfiguration;
			buildSettings = {
				ALWAYS_EMBED_SWIFT_STANDARD_LIBRARIES = YES;
				CODE_SIGN_STYLE = Automatic;
				COMBINE_HIDPI_IMAGES = YES;
				DEVELOPMENT_TEAM = 3U3SNC9LRZ;
				INFOPLIST_FILE = "Night-ShiftUITests/Info.plist";
				LD_RUNPATH_SEARCH_PATHS = (
					"$(inherited)",
					"@executable_path/../Frameworks",
					"@loader_path/../Frameworks",
				);
				PRODUCT_BUNDLE_IDENTIFIER = "monkeyank.Night-ShiftUITests";
				PRODUCT_NAME = "$(TARGET_NAME)";
				SWIFT_VERSION = 5.0;
				TEST_TARGET_NAME = "Night-Shift";
			};
			name = Release;
		};
/* End XCBuildConfiguration section */

/* Begin XCConfigurationList section */
		B2E22C6923FA83BC00C691E5 /* Build configuration list for PBXProject "Night-Shift" */ = {
			isa = XCConfigurationList;
			buildConfigurations = (
				B2E22C9523FA83BD00C691E5 /* Debug */,
				B2E22C9623FA83BD00C691E5 /* Release */,
			);
			defaultConfigurationIsVisible = 0;
			defaultConfigurationName = Release;
		};
		B2E22C9723FA83BD00C691E5 /* Build configuration list for PBXNativeTarget "Night-Shift" */ = {
			isa = XCConfigurationList;
			buildConfigurations = (
				B2E22C9823FA83BD00C691E5 /* Debug */,
				B2E22C9923FA83BD00C691E5 /* Release */,
			);
			defaultConfigurationIsVisible = 0;
			defaultConfigurationName = Release;
		};
		B2E22C9A23FA83BD00C691E5 /* Build configuration list for PBXNativeTarget "Night-ShiftTests" */ = {
			isa = XCConfigurationList;
			buildConfigurations = (
				B2E22C9B23FA83BD00C691E5 /* Debug */,
				B2E22C9C23FA83BD00C691E5 /* Release */,
			);
			defaultConfigurationIsVisible = 0;
			defaultConfigurationName = Release;
		};
		B2E22C9D23FA83BD00C691E5 /* Build configuration list for PBXNativeTarget "Night-ShiftUITests" */ = {
			isa = XCConfigurationList;
			buildConfigurations = (
				B2E22C9E23FA83BD00C691E5 /* Debug */,
				B2E22C9F23FA83BD00C691E5 /* Release */,
			);
			defaultConfigurationIsVisible = 0;
			defaultConfigurationName = Release;
		};
/* End XCConfigurationList section */
	};
	rootObject = B2E22C6623FA83BC00C691E5 /* Project object */;
}
