// !$*UTF8*$!
{
	archiveVersion = 1;
	classes = {
	};
	objectVersion = 50;
	objects = {

/* Begin PBXBuildFile section */
		B259EC0E2408BEC2009E3D5F /* TimeViewController.swift in Sources */ = {isa = PBXBuildFile; fileRef = B259EC0D2408BEC2009E3D5F /* TimeViewController.swift */; };
		B259EC112408BEE6009E3D5F /* TimeController.swift in Sources */ = {isa = PBXBuildFile; fileRef = B259EC102408BEE6009E3D5F /* TimeController.swift */; };
		B259EC132408BEFC009E3D5F /* LinkText.swift in Sources */ = {isa = PBXBuildFile; fileRef = B259EC122408BEFC009E3D5F /* LinkText.swift */; };
		B259EC172408BF57009E3D5F /* PreferencesController.swift in Sources */ = {isa = PBXBuildFile; fileRef = B259EC162408BF57009E3D5F /* PreferencesController.swift */; };
		B259EC192408BF64009E3D5F /* PreferenecesViewController.swift in Sources */ = {isa = PBXBuildFile; fileRef = B259EC182408BF64009E3D5F /* PreferenecesViewController.swift */; };
		B259EC1B2408BF9C009E3D5F /* Fade.swift in Sources */ = {isa = PBXBuildFile; fileRef = B259EC1A2408BF9C009E3D5F /* Fade.swift */; };
		B259EC1D2408C039009E3D5F /* DimmerController.swift in Sources */ = {isa = PBXBuildFile; fileRef = B259EC1C2408C039009E3D5F /* DimmerController.swift */; };
		B259EC202408C329009E3D5F /* Dimmer.swift in Sources */ = {isa = PBXBuildFile; fileRef = B259EC1F2408C329009E3D5F /* Dimmer.swift */; };
		B259EC222408C333009E3D5F /* NightShift.swift in Sources */ = {isa = PBXBuildFile; fileRef = B259EC212408C333009E3D5F /* NightShift.swift */; };
		B259EC242408C33F009E3D5F /* Preferences.swift in Sources */ = {isa = PBXBuildFile; fileRef = B259EC232408C33F009E3D5F /* Preferences.swift */; };
		B259EC262408C347009E3D5F /* States.swift in Sources */ = {isa = PBXBuildFile; fileRef = B259EC252408C347009E3D5F /* States.swift */; };
		B259EC2A2408C4A4009E3D5F /* Cartfile in Resources */ = {isa = PBXBuildFile; fileRef = B259EC292408C4A3009E3D5F /* Cartfile */; };
		B259EC302408C7B2009E3D5F /* LaunchAtLogin.framework in Frameworks */ = {isa = PBXBuildFile; fileRef = B259EC2F2408C7B2009E3D5F /* LaunchAtLogin.framework */; };
		B259EC312408C7B2009E3D5F /* LaunchAtLogin.framework in Embed Frameworks */ = {isa = PBXBuildFile; fileRef = B259EC2F2408C7B2009E3D5F /* LaunchAtLogin.framework */; settings = {ATTRIBUTES = (CodeSignOnCopy, RemoveHeadersOnCopy, ); }; };
		B259EC362408CB91009E3D5F /* CoreBrightness.framework in Frameworks */ = {isa = PBXBuildFile; fileRef = B259EC352408CB91009E3D5F /* CoreBrightness.framework */; };
		B2E22C7223FA83BC00C691E5 /* AppDelegate.swift in Sources */ = {isa = PBXBuildFile; fileRef = B2E22C7123FA83BC00C691E5 /* AppDelegate.swift */; };
		B2E22C7623FA83BD00C691E5 /* Assets.xcassets in Resources */ = {isa = PBXBuildFile; fileRef = B2E22C7523FA83BD00C691E5 /* Assets.xcassets */; };
		B2E22C7923FA83BD00C691E5 /* Preview Assets.xcassets in Resources */ = {isa = PBXBuildFile; fileRef = B2E22C7823FA83BD00C691E5 /* Preview Assets.xcassets */; };
		B2E22C7C23FA83BD00C691E5 /* Main.storyboard in Resources */ = {isa = PBXBuildFile; fileRef = B2E22C7A23FA83BD00C691E5 /* Main.storyboard */; };
		B2E71AC223FC7B6800CB4C21 /* DimmerSliderView.swift in Sources */ = {isa = PBXBuildFile; fileRef = B2E71AC123FC7B6800CB4C21 /* DimmerSliderView.swift */; };
		B2E71AC423FC7B9D00CB4C21 /* NightShiftSliderView.swift in Sources */ = {isa = PBXBuildFile; fileRef = B2E71AC323FC7B9D00CB4C21 /* NightShiftSliderView.swift */; };
		B2E71AC623FC7BDD00CB4C21 /* Status.swift in Sources */ = {isa = PBXBuildFile; fileRef = B2E71AC523FC7BDD00CB4C21 /* Status.swift */; };
/* End PBXBuildFile section */

/* Begin PBXCopyFilesBuildPhase section */
		B259EC322408C7B2009E3D5F /* Embed Frameworks */ = {
			isa = PBXCopyFilesBuildPhase;
			buildActionMask = 2147483647;
			dstPath = "";
			dstSubfolderSpec = 10;
			files = (
				B259EC312408C7B2009E3D5F /* LaunchAtLogin.framework in Embed Frameworks */,
			);
			name = "Embed Frameworks";
			runOnlyForDeploymentPostprocessing = 0;
		};
/* End PBXCopyFilesBuildPhase section */

/* Begin PBXFileReference section */
		B259EC0D2408BEC2009E3D5F /* TimeViewController.swift */ = {isa = PBXFileReference; lastKnownFileType = sourcecode.swift; path = TimeViewController.swift; sourceTree = "<group>"; };
		B259EC102408BEE6009E3D5F /* TimeController.swift */ = {isa = PBXFileReference; lastKnownFileType = sourcecode.swift; path = TimeController.swift; sourceTree = "<group>"; };
		B259EC122408BEFC009E3D5F /* LinkText.swift */ = {isa = PBXFileReference; lastKnownFileType = sourcecode.swift; path = LinkText.swift; sourceTree = "<group>"; };
		B259EC162408BF57009E3D5F /* PreferencesController.swift */ = {isa = PBXFileReference; lastKnownFileType = sourcecode.swift; path = PreferencesController.swift; sourceTree = "<group>"; };
		B259EC182408BF64009E3D5F /* PreferenecesViewController.swift */ = {isa = PBXFileReference; lastKnownFileType = sourcecode.swift; path = PreferenecesViewController.swift; sourceTree = "<group>"; };
		B259EC1A2408BF9C009E3D5F /* Fade.swift */ = {isa = PBXFileReference; lastKnownFileType = sourcecode.swift; path = Fade.swift; sourceTree = "<group>"; };
		B259EC1C2408C039009E3D5F /* DimmerController.swift */ = {isa = PBXFileReference; lastKnownFileType = sourcecode.swift; path = DimmerController.swift; sourceTree = "<group>"; };
		B259EC1F2408C329009E3D5F /* Dimmer.swift */ = {isa = PBXFileReference; lastKnownFileType = sourcecode.swift; path = Dimmer.swift; sourceTree = "<group>"; };
		B259EC212408C333009E3D5F /* NightShift.swift */ = {isa = PBXFileReference; lastKnownFileType = sourcecode.swift; path = NightShift.swift; sourceTree = "<group>"; };
		B259EC232408C33F009E3D5F /* Preferences.swift */ = {isa = PBXFileReference; lastKnownFileType = sourcecode.swift; path = Preferences.swift; sourceTree = "<group>"; };
		B259EC252408C347009E3D5F /* States.swift */ = {isa = PBXFileReference; lastKnownFileType = sourcecode.swift; path = States.swift; sourceTree = "<group>"; };
		B259EC292408C4A3009E3D5F /* Cartfile */ = {isa = PBXFileReference; fileEncoding = 4; lastKnownFileType = text; path = Cartfile; sourceTree = "<group>"; };
		B259EC2F2408C7B2009E3D5F /* LaunchAtLogin.framework */ = {isa = PBXFileReference; lastKnownFileType = wrapper.framework; name = LaunchAtLogin.framework; path = Carthage/Build/Mac/LaunchAtLogin.framework; sourceTree = "<group>"; };
		B259EC332408C7B7009E3D5F /* LaunchAtLogin.framework.dSYM */ = {isa = PBXFileReference; lastKnownFileType = wrapper.dsym; name = LaunchAtLogin.framework.dSYM; path = Carthage/Build/Mac/LaunchAtLogin.framework.dSYM; sourceTree = "<group>"; };
		B259EC352408CB91009E3D5F /* CoreBrightness.framework */ = {isa = PBXFileReference; lastKnownFileType = wrapper.framework; name = CoreBrightness.framework; path = ../../../../../System/Library/PrivateFrameworks/CoreBrightness.framework; sourceTree = "<group>"; };
		B259EC3E2408CD1E009E3D5F /* CBBlueLightClient.h */ = {isa = PBXFileReference; lastKnownFileType = sourcecode.c.h; path = CBBlueLightClient.h; sourceTree = "<group>"; };
		B259EC3F2408D10E009E3D5F /* BridgingHeader.h */ = {isa = PBXFileReference; lastKnownFileType = sourcecode.c.h; path = BridgingHeader.h; sourceTree = "<group>"; };
		B2E22C6E23FA83BC00C691E5 /* Night-Shift.app */ = {isa = PBXFileReference; explicitFileType = wrapper.application; includeInIndex = 0; path = "Night-Shift.app"; sourceTree = BUILT_PRODUCTS_DIR; };
		B2E22C7123FA83BC00C691E5 /* AppDelegate.swift */ = {isa = PBXFileReference; lastKnownFileType = sourcecode.swift; path = AppDelegate.swift; sourceTree = "<group>"; };
		B2E22C7523FA83BD00C691E5 /* Assets.xcassets */ = {isa = PBXFileReference; lastKnownFileType = folder.assetcatalog; path = Assets.xcassets; sourceTree = "<group>"; };
		B2E22C7823FA83BD00C691E5 /* Preview Assets.xcassets */ = {isa = PBXFileReference; lastKnownFileType = folder.assetcatalog; path = "Preview Assets.xcassets"; sourceTree = "<group>"; };
		B2E22C7B23FA83BD00C691E5 /* Base */ = {isa = PBXFileReference; lastKnownFileType = file.storyboard; name = Base; path = Base.lproj/Main.storyboard; sourceTree = "<group>"; };
		B2E22C7D23FA83BD00C691E5 /* Info.plist */ = {isa = PBXFileReference; lastKnownFileType = text.plist.xml; path = Info.plist; sourceTree = "<group>"; };
		B2E22C7E23FA83BD00C691E5 /* Night_Shift.entitlements */ = {isa = PBXFileReference; lastKnownFileType = text.plist.entitlements; path = Night_Shift.entitlements; sourceTree = "<group>"; };
		B2E22C9223FA83BD00C691E5 /* Night_ShiftUITests.swift */ = {isa = PBXFileReference; lastKnownFileType = sourcecode.swift; path = Night_ShiftUITests.swift; sourceTree = "<group>"; };
		B2E22C9423FA83BD00C691E5 /* Info.plist */ = {isa = PBXFileReference; lastKnownFileType = text.plist.xml; path = Info.plist; sourceTree = "<group>"; };
		B2E71AC123FC7B6800CB4C21 /* DimmerSliderView.swift */ = {isa = PBXFileReference; lastKnownFileType = sourcecode.swift; path = DimmerSliderView.swift; sourceTree = "<group>"; };
		B2E71AC323FC7B9D00CB4C21 /* NightShiftSliderView.swift */ = {isa = PBXFileReference; lastKnownFileType = sourcecode.swift; path = NightShiftSliderView.swift; sourceTree = "<group>"; };
		B2E71AC523FC7BDD00CB4C21 /* Status.swift */ = {isa = PBXFileReference; lastKnownFileType = sourcecode.swift; path = Status.swift; sourceTree = "<group>"; };
/* End PBXFileReference section */

/* Begin PBXFrameworksBuildPhase section */
		B2E22C6B23FA83BC00C691E5 /* Frameworks */ = {
			isa = PBXFrameworksBuildPhase;
			buildActionMask = 2147483647;
			files = (
				B259EC362408CB91009E3D5F /* CoreBrightness.framework in Frameworks */,
				B259EC302408C7B2009E3D5F /* LaunchAtLogin.framework in Frameworks */,
			);
			runOnlyForDeploymentPostprocessing = 0;
		};
/* End PBXFrameworksBuildPhase section */

/* Begin PBXGroup section */
		B20B6F9E23FB101200C6DF2D /* Applicaton */ = {
			isa = PBXGroup;
			children = (
				B259EC152408BF45009E3D5F /* Extensions */,
				B259EC142408BF3D009E3D5F /* Preferences */,
				B2E71AC723FC7CA600CB4C21 /* Dimming */,
				B2E71AB823FC799F00CB4C21 /* Menu */,
				B20B6FA023FB105B00C6DF2D /* Main */,
				B259EC0F2408BECE009E3D5F /* Time */,
			);
			path = Applicaton;
			sourceTree = "<group>";
		};
		B20B6F9F23FB102B00C6DF2D /* Functions */ = {
			isa = PBXGroup;
			children = (
				B259EC1F2408C329009E3D5F /* Dimmer.swift */,
				B259EC212408C333009E3D5F /* NightShift.swift */,
				B259EC232408C33F009E3D5F /* Preferences.swift */,
				B259EC252408C347009E3D5F /* States.swift */,
			);
			path = Functions;
			sourceTree = "<group>";
		};
		B20B6FA023FB105B00C6DF2D /* Main */ = {
			isa = PBXGroup;
			children = (
				B2E22C7123FA83BC00C691E5 /* AppDelegate.swift */,
				B2E22C7A23FA83BD00C691E5 /* Main.storyboard */,
			);
			path = Main;
			sourceTree = "<group>";
		};
		B259EC0F2408BECE009E3D5F /* Time */ = {
			isa = PBXGroup;
			children = (
				B259EC0D2408BEC2009E3D5F /* TimeViewController.swift */,
				B259EC102408BEE6009E3D5F /* TimeController.swift */,
				B259EC122408BEFC009E3D5F /* LinkText.swift */,
			);
			path = Time;
			sourceTree = "<group>";
		};
		B259EC142408BF3D009E3D5F /* Preferences */ = {
			isa = PBXGroup;
			children = (
				B259EC162408BF57009E3D5F /* PreferencesController.swift */,
				B259EC182408BF64009E3D5F /* PreferenecesViewController.swift */,
			);
			path = Preferences;
			sourceTree = "<group>";
		};
		B259EC152408BF45009E3D5F /* Extensions */ = {
			isa = PBXGroup;
			children = (
				B259EC1A2408BF9C009E3D5F /* Fade.swift */,
			);
			path = Extensions;
			sourceTree = "<group>";
		};
		B259EC2E2408C7B2009E3D5F /* Frameworks */ = {
			isa = PBXGroup;
			children = (
				B259EC352408CB91009E3D5F /* CoreBrightness.framework */,
				B259EC332408C7B7009E3D5F /* LaunchAtLogin.framework.dSYM */,
				B259EC2F2408C7B2009E3D5F /* LaunchAtLogin.framework */,
			);
			name = Frameworks;
			sourceTree = "<group>";
		};
		B259EC3D2408CD0B009E3D5F /* Header */ = {
			isa = PBXGroup;
			children = (
				B259EC3E2408CD1E009E3D5F /* CBBlueLightClient.h */,
				B259EC3F2408D10E009E3D5F /* BridgingHeader.h */,
			);
			path = Header;
			sourceTree = "<group>";
		};
		B2E22C6523FA83BC00C691E5 = {
			isa = PBXGroup;
			children = (
				B259EC292408C4A3009E3D5F /* Cartfile */,
				B2E22C7023FA83BC00C691E5 /* Night-Shift */,
				B2E22C9123FA83BD00C691E5 /* Night-ShiftUITests */,
				B2E22C6F23FA83BC00C691E5 /* Products */,
				B259EC2E2408C7B2009E3D5F /* Frameworks */,
			);
			sourceTree = "<group>";
		};
		B2E22C6F23FA83BC00C691E5 /* Products */ = {
			isa = PBXGroup;
			children = (
				B2E22C6E23FA83BC00C691E5 /* Night-Shift.app */,
			);
			name = Products;
			sourceTree = "<group>";
		};
		B2E22C7023FA83BC00C691E5 /* Night-Shift */ = {
			isa = PBXGroup;
			children = (
				B259EC3D2408CD0B009E3D5F /* Header */,
				B20B6F9F23FB102B00C6DF2D /* Functions */,
				B20B6F9E23FB101200C6DF2D /* Applicaton */,
				B2E22C7523FA83BD00C691E5 /* Assets.xcassets */,
				B2E22C7D23FA83BD00C691E5 /* Info.plist */,
				B2E22C7E23FA83BD00C691E5 /* Night_Shift.entitlements */,
				B2E22C7723FA83BD00C691E5 /* Preview Content */,
			);
			path = "Night-Shift";
			sourceTree = "<group>";
		};
		B2E22C7723FA83BD00C691E5 /* Preview Content */ = {
			isa = PBXGroup;
			children = (
				B2E22C7823FA83BD00C691E5 /* Preview Assets.xcassets */,
			);
			path = "Preview Content";
			sourceTree = "<group>";
		};
		B2E22C9123FA83BD00C691E5 /* Night-ShiftUITests */ = {
			isa = PBXGroup;
			children = (
				B2E22C9223FA83BD00C691E5 /* Night_ShiftUITests.swift */,
				B2E22C9423FA83BD00C691E5 /* Info.plist */,
			);
			path = "Night-ShiftUITests";
			sourceTree = "<group>";
		};
		B2E71AB823FC799F00CB4C21 /* Menu */ = {
			isa = PBXGroup;
			children = (
				B2E71AC123FC7B6800CB4C21 /* DimmerSliderView.swift */,
				B2E71AC323FC7B9D00CB4C21 /* NightShiftSliderView.swift */,
				B2E71AC523FC7BDD00CB4C21 /* Status.swift */,
			);
			path = Menu;
			sourceTree = "<group>";
		};
		B2E71AC723FC7CA600CB4C21 /* Dimming */ = {
			isa = PBXGroup;
			children = (
				B259EC1C2408C039009E3D5F /* DimmerController.swift */,
			);
			path = Dimming;
			sourceTree = "<group>";
		};
/* End PBXGroup section */

/* Begin PBXNativeTarget section */
		B2E22C6D23FA83BC00C691E5 /* Night-Shift */ = {
			isa = PBXNativeTarget;
			buildConfigurationList = B2E22C9723FA83BD00C691E5 /* Build configuration list for PBXNativeTarget "Night-Shift" */;
			buildPhases = (
				B2E22C6A23FA83BC00C691E5 /* Sources */,
				B2E22C6B23FA83BC00C691E5 /* Frameworks */,
				B2E22C6C23FA83BC00C691E5 /* Resources */,
				B259EC2D2408C6BD009E3D5F /* ShellScript */,
				B259EC322408C7B2009E3D5F /* Embed Frameworks */,
			);
			buildRules = (
			);
			dependencies = (
			);
			name = "Night-Shift";
			productName = "Night-Shift";
			productReference = B2E22C6E23FA83BC00C691E5 /* Night-Shift.app */;
			productType = "com.apple.product-type.application";
		};
/* End PBXNativeTarget section */

/* Begin PBXProject section */
		B2E22C6623FA83BC00C691E5 /* Project object */ = {
			isa = PBXProject;
			attributes = {
				LastSwiftUpdateCheck = 1110;
				LastUpgradeCheck = 1110;
				ORGANIZATIONNAME = Ankith;
				TargetAttributes = {
					B2E22C6D23FA83BC00C691E5 = {
						CreatedOnToolsVersion = 11.1;
					};
				};
			};
			buildConfigurationList = B2E22C6923FA83BC00C691E5 /* Build configuration list for PBXProject "Night-Shift" */;
			compatibilityVersion = "Xcode 9.3";
			developmentRegion = en;
			hasScannedForEncodings = 0;
			knownRegions = (
				en,
				Base,
			);
			mainGroup = B2E22C6523FA83BC00C691E5;
			productRefGroup = B2E22C6F23FA83BC00C691E5 /* Products */;
			projectDirPath = "";
			projectRoot = "";
			targets = (
				B2E22C6D23FA83BC00C691E5 /* Night-Shift */,
			);
		};
/* End PBXProject section */

/* Begin PBXResourcesBuildPhase section */
		B2E22C6C23FA83BC00C691E5 /* Resources */ = {
			isa = PBXResourcesBuildPhase;
			buildActionMask = 2147483647;
			files = (
				B2E22C7C23FA83BD00C691E5 /* Main.storyboard in Resources */,
				B2E22C7923FA83BD00C691E5 /* Preview Assets.xcassets in Resources */,
				B259EC2A2408C4A4009E3D5F /* Cartfile in Resources */,
				B2E22C7623FA83BD00C691E5 /* Assets.xcassets in Resources */,
			);
			runOnlyForDeploymentPostprocessing = 0;
		};
/* End PBXResourcesBuildPhase section */

/* Begin PBXShellScriptBuildPhase section */
		B259EC2D2408C6BD009E3D5F /* ShellScript */ = {
			isa = PBXShellScriptBuildPhase;
			buildActionMask = 2147483647;
			files = (
			);
			inputFileListPaths = (
			);
			inputPaths = (
			);
			outputFileListPaths = (
			);
			outputPaths = (
			);
			runOnlyForDeploymentPostprocessing = 0;
			shellPath = /bin/sh;
			shellScript = "\"${PROJECT_DIR}/Carthage/Build/Mac/LaunchAtLogin.framework/Resources/copy-helper.sh\"\n";
		};
/* End PBXShellScriptBuildPhase section */

/* Begin PBXSourcesBuildPhase section */
		B2E22C6A23FA83BC00C691E5 /* Sources */ = {
			isa = PBXSourcesBuildPhase;
			buildActionMask = 2147483647;
			files = (
				B259EC262408C347009E3D5F /* States.swift in Sources */,
				B259EC222408C333009E3D5F /* NightShift.swift in Sources */,
				B2E71AC423FC7B9D00CB4C21 /* NightShiftSliderView.swift in Sources */,
				B259EC0E2408BEC2009E3D5F /* TimeViewController.swift in Sources */,
				B259EC112408BEE6009E3D5F /* TimeController.swift in Sources */,
				B2E22C7223FA83BC00C691E5 /* AppDelegate.swift in Sources */,
				B259EC172408BF57009E3D5F /* PreferencesController.swift in Sources */,
				B259EC132408BEFC009E3D5F /* LinkText.swift in Sources */,
				B259EC192408BF64009E3D5F /* PreferenecesViewController.swift in Sources */,
				B259EC242408C33F009E3D5F /* Preferences.swift in Sources */,
				B259EC1D2408C039009E3D5F /* DimmerController.swift in Sources */,
				B259EC1B2408BF9C009E3D5F /* Fade.swift in Sources */,
				B259EC202408C329009E3D5F /* Dimmer.swift in Sources */,
				B2E71AC223FC7B6800CB4C21 /* DimmerSliderView.swift in Sources */,
				B2E71AC623FC7BDD00CB4C21 /* Status.swift in Sources */,
			);
			runOnlyForDeploymentPostprocessing = 0;
		};
/* End PBXSourcesBuildPhase section */

/* Begin PBXVariantGroup section */
		B2E22C7A23FA83BD00C691E5 /* Main.storyboard */ = {
			isa = PBXVariantGroup;
			children = (
				B2E22C7B23FA83BD00C691E5 /* Base */,
			);
			name = Main.storyboard;
			sourceTree = "<group>";
		};
/* End PBXVariantGroup section */

/* Begin XCBuildConfiguration section */
		B2E22C9523FA83BD00C691E5 /* Debug */ = {
			isa = XCBuildConfiguration;
			buildSettings = {
				ALWAYS_SEARCH_USER_PATHS = NO;
				CLANG_ANALYZER_NONNULL = YES;
				CLANG_ANALYZER_NUMBER_OBJECT_CONVERSION = YES_AGGRESSIVE;
				CLANG_CXX_LANGUAGE_STANDARD = "gnu++14";
				CLANG_CXX_LIBRARY = "libc++";
				CLANG_ENABLE_MODULES = YES;
				CLANG_ENABLE_OBJC_ARC = YES;
				CLANG_ENABLE_OBJC_WEAK = YES;
				CLANG_WARN_BLOCK_CAPTURE_AUTORELEASING = YES;
				CLANG_WARN_BOOL_CONVERSION = YES;
				CLANG_WARN_COMMA = YES;
				CLANG_WARN_CONSTANT_CONVERSION = YES;
				CLANG_WARN_DEPRECATED_OBJC_IMPLEMENTATIONS = YES;
				CLANG_WARN_DIRECT_OBJC_ISA_USAGE = YES_ERROR;
				CLANG_WARN_DOCUMENTATION_COMMENTS = YES;
				CLANG_WARN_EMPTY_BODY = YES;
				CLANG_WARN_ENUM_CONVERSION = YES;
				CLANG_WARN_INFINITE_RECURSION = YES;
				CLANG_WARN_INT_CONVERSION = YES;
				CLANG_WARN_NON_LITERAL_NULL_CONVERSION = YES;
				CLANG_WARN_OBJC_IMPLICIT_RETAIN_SELF = YES;
				CLANG_WARN_OBJC_LITERAL_CONVERSION = YES;
				CLANG_WARN_OBJC_ROOT_CLASS = YES_ERROR;
				CLANG_WARN_RANGE_LOOP_ANALYSIS = YES;
				CLANG_WARN_STRICT_PROTOTYPES = YES;
				CLANG_WARN_SUSPICIOUS_MOVE = YES;
				CLANG_WARN_UNGUARDED_AVAILABILITY = YES_AGGRESSIVE;
				CLANG_WARN_UNREACHABLE_CODE = YES;
				CLANG_WARN__DUPLICATE_METHOD_MATCH = YES;
				COPY_PHASE_STRIP = NO;
				DEBUG_INFORMATION_FORMAT = dwarf;
				ENABLE_STRICT_OBJC_MSGSEND = YES;
				ENABLE_TESTABILITY = YES;
				GCC_C_LANGUAGE_STANDARD = gnu11;
				GCC_DYNAMIC_NO_PIC = NO;
				GCC_NO_COMMON_BLOCKS = YES;
				GCC_OPTIMIZATION_LEVEL = 0;
				GCC_PREPROCESSOR_DEFINITIONS = (
					"DEBUG=1",
					"$(inherited)",
				);
				GCC_WARN_64_TO_32_BIT_CONVERSION = YES;
				GCC_WARN_ABOUT_RETURN_TYPE = YES_ERROR;
				GCC_WARN_UNDECLARED_SELECTOR = YES;
				GCC_WARN_UNINITIALIZED_AUTOS = YES_AGGRESSIVE;
				GCC_WARN_UNUSED_FUNCTION = YES;
				GCC_WARN_UNUSED_VARIABLE = YES;
				MACOSX_DEPLOYMENT_TARGET = 10.15;
				MTL_ENABLE_DEBUG_INFO = INCLUDE_SOURCE;
				MTL_FAST_MATH = YES;
				ONLY_ACTIVE_ARCH = YES;
				SDKROOT = macosx;
				SWIFT_ACTIVE_COMPILATION_CONDITIONS = DEBUG;
				SWIFT_OPTIMIZATION_LEVEL = "-Onone";
			};
			name = Debug;
		};
		B2E22C9623FA83BD00C691E5 /* Release */ = {
			isa = XCBuildConfiguration;
			buildSettings = {
				ALWAYS_SEARCH_USER_PATHS = NO;
				CLANG_ANALYZER_NONNULL = YES;
				CLANG_ANALYZER_NUMBER_OBJECT_CONVERSION = YES_AGGRESSIVE;
				CLANG_CXX_LANGUAGE_STANDARD = "gnu++14";
				CLANG_CXX_LIBRARY = "libc++";
				CLANG_ENABLE_MODULES = YES;
				CLANG_ENABLE_OBJC_ARC = YES;
				CLANG_ENABLE_OBJC_WEAK = YES;
				CLANG_WARN_BLOCK_CAPTURE_AUTORELEASING = YES;
				CLANG_WARN_BOOL_CONVERSION = YES;
				CLANG_WARN_COMMA = YES;
				CLANG_WARN_CONSTANT_CONVERSION = YES;
				CLANG_WARN_DEPRECATED_OBJC_IMPLEMENTATIONS = YES;
				CLANG_WARN_DIRECT_OBJC_ISA_USAGE = YES_ERROR;
				CLANG_WARN_DOCUMENTATION_COMMENTS = YES;
				CLANG_WARN_EMPTY_BODY = YES;
				CLANG_WARN_ENUM_CONVERSION = YES;
				CLANG_WARN_INFINITE_RECURSION = YES;
				CLANG_WARN_INT_CONVERSION = YES;
				CLANG_WARN_NON_LITERAL_NULL_CONVERSION = YES;
				CLANG_WARN_OBJC_IMPLICIT_RETAIN_SELF = YES;
				CLANG_WARN_OBJC_LITERAL_CONVERSION = YES;
				CLANG_WARN_OBJC_ROOT_CLASS = YES_ERROR;
				CLANG_WARN_RANGE_LOOP_ANALYSIS = YES;
				CLANG_WARN_STRICT_PROTOTYPES = YES;
				CLANG_WARN_SUSPICIOUS_MOVE = YES;
				CLANG_WARN_UNGUARDED_AVAILABILITY = YES_AGGRESSIVE;
				CLANG_WARN_UNREACHABLE_CODE = YES;
				CLANG_WARN__DUPLICATE_METHOD_MATCH = YES;
				COPY_PHASE_STRIP = NO;
				DEBUG_INFORMATION_FORMAT = "dwarf-with-dsym";
				ENABLE_NS_ASSERTIONS = NO;
				ENABLE_STRICT_OBJC_MSGSEND = YES;
				GCC_C_LANGUAGE_STANDARD = gnu11;
				GCC_NO_COMMON_BLOCKS = YES;
				GCC_WARN_64_TO_32_BIT_CONVERSION = YES;
				GCC_WARN_ABOUT_RETURN_TYPE = YES_ERROR;
				GCC_WARN_UNDECLARED_SELECTOR = YES;
				GCC_WARN_UNINITIALIZED_AUTOS = YES_AGGRESSIVE;
				GCC_WARN_UNUSED_FUNCTION = YES;
				GCC_WARN_UNUSED_VARIABLE = YES;
				MACOSX_DEPLOYMENT_TARGET = 10.15;
				MTL_ENABLE_DEBUG_INFO = NO;
				MTL_FAST_MATH = YES;
				SDKROOT = macosx;
				SWIFT_COMPILATION_MODE = wholemodule;
				SWIFT_OPTIMIZATION_LEVEL = "-O";
			};
			name = Release;
		};
		B2E22C9823FA83BD00C691E5 /* Debug */ = {
			isa = XCBuildConfiguration;
			buildSettings = {
				ASSETCATALOG_COMPILER_APPICON_NAME = AppIcon;
				CODE_SIGN_ENTITLEMENTS = "Night-Shift/Night_Shift.entitlements";
				CODE_SIGN_STYLE = Automatic;
				COMBINE_HIDPI_IMAGES = YES;
				DEVELOPMENT_ASSET_PATHS = "Night-Shift/Preview\\ Content";
				DEVELOPMENT_TEAM = 3U3SNC9LRZ;
				ENABLE_HARDENED_RUNTIME = YES;
				ENABLE_PREVIEWS = YES;
				FRAMEWORK_SEARCH_PATHS = (
					"$(inherited)",
					"$(PROJECT_DIR)/Carthage/Build/Mac",
				);
				INFOPLIST_FILE = "Night-Shift/Info.plist";
				LD_RUNPATH_SEARCH_PATHS = (
					"$(inherited)",
					"@executable_path/../Frameworks",
				);
				MACOSX_DEPLOYMENT_TARGET = 10.15;
				PRODUCT_BUNDLE_IDENTIFIER = "monkeyank.Night-Shift";
				PRODUCT_NAME = "$(TARGET_NAME)";
				SWIFT_VERSION = 5.0;
				SYSTEM_FRAMEWORK_SEARCH_PATHS = (
					"$(inherited)",
					"$(SYSTEM_LIBRARY_DIR)/PrivateFrameworks",
				);
			};
			name = Debug;
		};
		B2E22C9923FA83BD00C691E5 /* Release */ = {
			isa = XCBuildConfiguration;
			buildSettings = {
				ASSETCATALOG_COMPILER_APPICON_NAME = AppIcon;
				CODE_SIGN_ENTITLEMENTS = "Night-Shift/Night_Shift.entitlements";
				CODE_SIGN_STYLE = Automatic;
				COMBINE_HIDPI_IMAGES = YES;
				DEVELOPMENT_ASSET_PATHS = "Night-Shift/Preview\\ Content";
				DEVELOPMENT_TEAM = 3U3SNC9LRZ;
				ENABLE_HARDENED_RUNTIME = YES;
				ENABLE_PREVIEWS = YES;
				FRAMEWORK_SEARCH_PATHS = (
					"$(inherited)",
					"$(PROJECT_DIR)/Carthage/Build/Mac",
				);
				INFOPLIST_FILE = "Night-Shift/Info.plist";
				LD_RUNPATH_SEARCH_PATHS = (
					"$(inherited)",
					"@executable_path/../Frameworks",
				);
				MACOSX_DEPLOYMENT_TARGET = 10.15;
				PRODUCT_BUNDLE_IDENTIFIER = "monkeyank.Night-Shift";
				PRODUCT_NAME = "$(TARGET_NAME)";
				SWIFT_VERSION = 5.0;
				SYSTEM_FRAMEWORK_SEARCH_PATHS = (
					"$(inherited)",
					"$(SYSTEM_LIBRARY_DIR)/PrivateFrameworks",
				);
			};
			name = Release;
		};
/* End XCBuildConfiguration section */

/* Begin XCConfigurationList section */
		B2E22C6923FA83BC00C691E5 /* Build configuration list for PBXProject "Night-Shift" */ = {
			isa = XCConfigurationList;
			buildConfigurations = (
				B2E22C9523FA83BD00C691E5 /* Debug */,
				B2E22C9623FA83BD00C691E5 /* Release */,
			);
			defaultConfigurationIsVisible = 0;
			defaultConfigurationName = Release;
		};
		B2E22C9723FA83BD00C691E5 /* Build configuration list for PBXNativeTarget "Night-Shift" */ = {
			isa = XCConfigurationList;
			buildConfigurations = (
				B2E22C9823FA83BD00C691E5 /* Debug */,
				B2E22C9923FA83BD00C691E5 /* Release */,
			);
			defaultConfigurationIsVisible = 0;
			defaultConfigurationName = Release;
		};
/* End XCConfigurationList section */
	};
	rootObject = B2E22C6623FA83BC00C691E5 /* Project object */;
}
